// !$*UTF8*$!
{
	archiveVersion = 1;
	classes = {
	};
	objectVersion = 56;
	objects = {

/* Begin PBXBuildFile section */
		3A4AD3D22A8A3545002BBEF9 /* MySparApp.swift in Sources */ = {isa = PBXBuildFile; fileRef = 3A4AD3D12A8A3545002BBEF9 /* MySparApp.swift */; };
		3A4AD3D42A8A3545002BBEF9 /* MainView.swift in Sources */ = {isa = PBXBuildFile; fileRef = 3A4AD3D32A8A3545002BBEF9 /* MainView.swift */; };
		3A4AD3D62A8A3547002BBEF9 /* Assets.xcassets in Resources */ = {isa = PBXBuildFile; fileRef = 3A4AD3D52A8A3547002BBEF9 /* Assets.xcassets */; };
		3A4AD3D92A8A3547002BBEF9 /* Preview Assets.xcassets in Resources */ = {isa = PBXBuildFile; fileRef = 3A4AD3D82A8A3547002BBEF9 /* Preview Assets.xcassets */; };
		3A57B0342A8B5694005DBD22 /* DiscountCards.swift in Sources */ = {isa = PBXBuildFile; fileRef = 3A57B0332A8B5694005DBD22 /* DiscountCards.swift */; };
		3A57B0372A8B591C005DBD22 /* BonusCards.swift in Sources */ = {isa = PBXBuildFile; fileRef = 3A57B0362A8B591C005DBD22 /* BonusCards.swift */; };
		3A57B0392A8B5AAF005DBD22 /* NavigationCards.swift in Sources */ = {isa = PBXBuildFile; fileRef = 3A57B0382A8B5AAF005DBD22 /* NavigationCards.swift */; };
		3A57B03B2A8B809A005DBD22 /* RecomendCards.swift in Sources */ = {isa = PBXBuildFile; fileRef = 3A57B03A2A8B8099005DBD22 /* RecomendCards.swift */; };
		3A64D2242A8B8EE100972D14 /* SweetCards.swift in Sources */ = {isa = PBXBuildFile; fileRef = 3A64D2232A8B8EE100972D14 /* SweetCards.swift */; };
		3A911F5C2A8A40DF00896EFB /* MainViewModel.swift in Sources */ = {isa = PBXBuildFile; fileRef = 3A911F5B2A8A40DF00896EFB /* MainViewModel.swift */; };
		3A911F612A8A482C00896EFB /* TabBarView.swift in Sources */ = {isa = PBXBuildFile; fileRef = 3A911F602A8A482C00896EFB /* TabBarView.swift */; };
		3A911F652A8A52B600896EFB /* StoryCardView.swift in Sources */ = {isa = PBXBuildFile; fileRef = 3A911F642A8A52B600896EFB /* StoryCardView.swift */; };
/* End PBXBuildFile section */

/* Begin PBXFileReference section */
		3A4AD3CE2A8A3545002BBEF9 /* MySpar.app */ = {isa = PBXFileReference; explicitFileType = wrapper.application; includeInIndex = 0; path = MySpar.app; sourceTree = BUILT_PRODUCTS_DIR; };
		3A4AD3D12A8A3545002BBEF9 /* MySparApp.swift */ = {isa = PBXFileReference; lastKnownFileType = sourcecode.swift; path = MySparApp.swift; sourceTree = "<group>"; };
		3A4AD3D32A8A3545002BBEF9 /* MainView.swift */ = {isa = PBXFileReference; lastKnownFileType = sourcecode.swift; path = MainView.swift; sourceTree = "<group>"; };
		3A4AD3D52A8A3547002BBEF9 /* Assets.xcassets */ = {isa = PBXFileReference; lastKnownFileType = folder.assetcatalog; path = Assets.xcassets; sourceTree = "<group>"; };
		3A4AD3D82A8A3547002BBEF9 /* Preview Assets.xcassets */ = {isa = PBXFileReference; lastKnownFileType = folder.assetcatalog; path = "Preview Assets.xcassets"; sourceTree = "<group>"; };
		3A57B0332A8B5694005DBD22 /* DiscountCards.swift */ = {isa = PBXFileReference; lastKnownFileType = sourcecode.swift; path = DiscountCards.swift; sourceTree = "<group>"; };
		3A57B0362A8B591C005DBD22 /* BonusCards.swift */ = {isa = PBXFileReference; lastKnownFileType = sourcecode.swift; path = BonusCards.swift; sourceTree = "<group>"; };
		3A57B0382A8B5AAF005DBD22 /* NavigationCards.swift */ = {isa = PBXFileReference; lastKnownFileType = sourcecode.swift; path = NavigationCards.swift; sourceTree = "<group>"; };
		3A57B03A2A8B8099005DBD22 /* RecomendCards.swift */ = {isa = PBXFileReference; lastKnownFileType = sourcecode.swift; path = RecomendCards.swift; sourceTree = "<group>"; };
		3A64D2232A8B8EE100972D14 /* SweetCards.swift */ = {isa = PBXFileReference; lastKnownFileType = sourcecode.swift; path = SweetCards.swift; sourceTree = "<group>"; };
		3A911F5B2A8A40DF00896EFB /* MainViewModel.swift */ = {isa = PBXFileReference; lastKnownFileType = sourcecode.swift; path = MainViewModel.swift; sourceTree = "<group>"; };
		3A911F602A8A482C00896EFB /* TabBarView.swift */ = {isa = PBXFileReference; lastKnownFileType = sourcecode.swift; path = TabBarView.swift; sourceTree = "<group>"; };
		3A911F642A8A52B600896EFB /* StoryCardView.swift */ = {isa = PBXFileReference; lastKnownFileType = sourcecode.swift; path = StoryCardView.swift; sourceTree = "<group>"; };
/* End PBXFileReference section */

/* Begin PBXFrameworksBuildPhase section */
		3A4AD3CB2A8A3545002BBEF9 /* Frameworks */ = {
			isa = PBXFrameworksBuildPhase;
			buildActionMask = 2147483647;
			files = (
			);
			runOnlyForDeploymentPostprocessing = 0;
		};
/* End PBXFrameworksBuildPhase section */

/* Begin PBXGroup section */
		3A4AD3C52A8A3545002BBEF9 = {
			isa = PBXGroup;
			children = (
				3A4AD3D02A8A3545002BBEF9 /* MySpar */,
				3A4AD3CF2A8A3545002BBEF9 /* Products */,
			);
			sourceTree = "<group>";
		};
		3A4AD3CF2A8A3545002BBEF9 /* Products */ = {
			isa = PBXGroup;
			children = (
				3A4AD3CE2A8A3545002BBEF9 /* MySpar.app */,
			);
			name = Products;
			sourceTree = "<group>";
		};
		3A4AD3D02A8A3545002BBEF9 /* MySpar */ = {
			isa = PBXGroup;
			children = (
				3A4AD3D12A8A3545002BBEF9 /* MySparApp.swift */,
				3A911F5D2A8A40E400896EFB /* ViewModel */,
				3A911F5A2A8A40A500896EFB /* View */,
				3A4AD3D52A8A3547002BBEF9 /* Assets.xcassets */,
				3A4AD3D72A8A3547002BBEF9 /* Preview Content */,
			);
			path = MySpar;
			sourceTree = "<group>";
		};
		3A4AD3D72A8A3547002BBEF9 /* Preview Content */ = {
			isa = PBXGroup;
			children = (
				3A4AD3D82A8A3547002BBEF9 /* Preview Assets.xcassets */,
			);
			path = "Preview Content";
			sourceTree = "<group>";
		};
		3A57B0352A8B5909005DBD22 /* Cards */ = {
			isa = PBXGroup;
			children = (
				3A911F642A8A52B600896EFB /* StoryCardView.swift */,
				3A57B0332A8B5694005DBD22 /* DiscountCards.swift */,
				3A57B0362A8B591C005DBD22 /* BonusCards.swift */,
				3A57B0382A8B5AAF005DBD22 /* NavigationCards.swift */,
				3A57B03A2A8B8099005DBD22 /* RecomendCards.swift */,
				3A64D2232A8B8EE100972D14 /* SweetCards.swift */,
			);
			path = Cards;
			sourceTree = "<group>";
		};
		3A911F5A2A8A40A500896EFB /* View */ = {
			isa = PBXGroup;
			children = (
				3A911F602A8A482C00896EFB /* TabBarView.swift */,
				3A4AD3D32A8A3545002BBEF9 /* MainView.swift */,
				3A57B0352A8B5909005DBD22 /* Cards */,
			);
			path = View;
			sourceTree = "<group>";
		};
		3A911F5D2A8A40E400896EFB /* ViewModel */ = {
			isa = PBXGroup;
			children = (
				3A911F5B2A8A40DF00896EFB /* MainViewModel.swift */,
			);
			path = ViewModel;
			sourceTree = "<group>";
		};
/* End PBXGroup section */

/* Begin PBXNativeTarget section */
		3A4AD3CD2A8A3545002BBEF9 /* MySpar */ = {
			isa = PBXNativeTarget;
			buildConfigurationList = 3A4AD3DC2A8A3547002BBEF9 /* Build configuration list for PBXNativeTarget "MySpar" */;
			buildPhases = (
				3A4AD3CA2A8A3545002BBEF9 /* Sources */,
				3A4AD3CB2A8A3545002BBEF9 /* Frameworks */,
				3A4AD3CC2A8A3545002BBEF9 /* Resources */,
			);
			buildRules = (
			);
			dependencies = (
			);
			name = MySpar;
			productName = MySpar;
			productReference = 3A4AD3CE2A8A3545002BBEF9 /* MySpar.app */;
			productType = "com.apple.product-type.application";
		};
/* End PBXNativeTarget section */

/* Begin PBXProject section */
		3A4AD3C62A8A3545002BBEF9 /* Project object */ = {
			isa = PBXProject;
			attributes = {
				BuildIndependentTargetsInParallel = 1;
				LastSwiftUpdateCheck = 1430;
				LastUpgradeCheck = 1430;
				TargetAttributes = {
					3A4AD3CD2A8A3545002BBEF9 = {
						CreatedOnToolsVersion = 14.3;
					};
				};
			};
			buildConfigurationList = 3A4AD3C92A8A3545002BBEF9 /* Build configuration list for PBXProject "MySpar" */;
			compatibilityVersion = "Xcode 14.0";
			developmentRegion = en;
			hasScannedForEncodings = 0;
			knownRegions = (
				en,
				Base,
			);
			mainGroup = 3A4AD3C52A8A3545002BBEF9;
			productRefGroup = 3A4AD3CF2A8A3545002BBEF9 /* Products */;
			projectDirPath = "";
			projectRoot = "";
			targets = (
				3A4AD3CD2A8A3545002BBEF9 /* MySpar */,
			);
		};
/* End PBXProject section */

/* Begin PBXResourcesBuildPhase section */
		3A4AD3CC2A8A3545002BBEF9 /* Resources */ = {
			isa = PBXResourcesBuildPhase;
			buildActionMask = 2147483647;
			files = (
				3A4AD3D92A8A3547002BBEF9 /* Preview Assets.xcassets in Resources */,
				3A4AD3D62A8A3547002BBEF9 /* Assets.xcassets in Resources */,
			);
			runOnlyForDeploymentPostprocessing = 0;
		};
/* End PBXResourcesBuildPhase section */

/* Begin PBXSourcesBuildPhase section */
		3A4AD3CA2A8A3545002BBEF9 /* Sources */ = {
			isa = PBXSourcesBuildPhase;
			buildActionMask = 2147483647;
			files = (
				3A57B0342A8B5694005DBD22 /* DiscountCards.swift in Sources */,
				3A911F612A8A482C00896EFB /* TabBarView.swift in Sources */,
				3A64D2242A8B8EE100972D14 /* SweetCards.swift in Sources */,
				3A57B03B2A8B809A005DBD22 /* RecomendCards.swift in Sources */,
				3A911F652A8A52B600896EFB /* StoryCardView.swift in Sources */,
				3A4AD3D42A8A3545002BBEF9 /* MainView.swift in Sources */,
				3A57B0372A8B591C005DBD22 /* BonusCards.swift in Sources */,
				3A57B0392A8B5AAF005DBD22 /* NavigationCards.swift in Sources */,
				3A4AD3D22A8A3545002BBEF9 /* MySparApp.swift in Sources */,
				3A911F5C2A8A40DF00896EFB /* MainViewModel.swift in Sources */,
			);
			runOnlyForDeploymentPostprocessing = 0;
		};
/* End PBXSourcesBuildPhase section */

/* Begin XCBuildConfiguration section */
		3A4AD3DA2A8A3547002BBEF9 /* Debug */ = {
			isa = XCBuildConfiguration;
			buildSettings = {
				ALWAYS_SEARCH_USER_PATHS = NO;
				CLANG_ANALYZER_NONNULL = YES;
				CLANG_ANALYZER_NUMBER_OBJECT_CONVERSION = YES_AGGRESSIVE;
				CLANG_CXX_LANGUAGE_STANDARD = "gnu++20";
				CLANG_ENABLE_MODULES = YES;
				CLANG_ENABLE_OBJC_ARC = YES;
				CLANG_ENABLE_OBJC_WEAK = YES;
				CLANG_WARN_BLOCK_CAPTURE_AUTORELEASING = YES;
				CLANG_WARN_BOOL_CONVERSION = YES;
				CLANG_WARN_COMMA = YES;
				CLANG_WARN_CONSTANT_CONVERSION = YES;
				CLANG_WARN_DEPRECATED_OBJC_IMPLEMENTATIONS = YES;
				CLANG_WARN_DIRECT_OBJC_ISA_USAGE = YES_ERROR;
				CLANG_WARN_DOCUMENTATION_COMMENTS = YES;
				CLANG_WARN_EMPTY_BODY = YES;
				CLANG_WARN_ENUM_CONVERSION = YES;
				CLANG_WARN_INFINITE_RECURSION = YES;
				CLANG_WARN_INT_CONVERSION = YES;
				CLANG_WARN_NON_LITERAL_NULL_CONVERSION = YES;
				CLANG_WARN_OBJC_IMPLICIT_RETAIN_SELF = YES;
				CLANG_WARN_OBJC_LITERAL_CONVERSION = YES;
				CLANG_WARN_OBJC_ROOT_CLASS = YES_ERROR;
				CLANG_WARN_QUOTED_INCLUDE_IN_FRAMEWORK_HEADER = YES;
				CLANG_WARN_RANGE_LOOP_ANALYSIS = YES;
				CLANG_WARN_STRICT_PROTOTYPES = YES;
				CLANG_WARN_SUSPICIOUS_MOVE = YES;
				CLANG_WARN_UNGUARDED_AVAILABILITY = YES_AGGRESSIVE;
				CLANG_WARN_UNREACHABLE_CODE = YES;
				CLANG_WARN__DUPLICATE_METHOD_MATCH = YES;
				COPY_PHASE_STRIP = NO;
				DEBUG_INFORMATION_FORMAT = dwarf;
				ENABLE_STRICT_OBJC_MSGSEND = YES;
				ENABLE_TESTABILITY = YES;
				GCC_C_LANGUAGE_STANDARD = gnu11;
				GCC_DYNAMIC_NO_PIC = NO;
				GCC_NO_COMMON_BLOCKS = YES;
				GCC_OPTIMIZATION_LEVEL = 0;
				GCC_PREPROCESSOR_DEFINITIONS = (
					"DEBUG=1",
					"$(inherited)",
				);
				GCC_WARN_64_TO_32_BIT_CONVERSION = YES;
				GCC_WARN_ABOUT_RETURN_TYPE = YES_ERROR;
				GCC_WARN_UNDECLARED_SELECTOR = YES;
				GCC_WARN_UNINITIALIZED_AUTOS = YES_AGGRESSIVE;
				GCC_WARN_UNUSED_FUNCTION = YES;
				GCC_WARN_UNUSED_VARIABLE = YES;
				IPHONEOS_DEPLOYMENT_TARGET = 16.4;
				MTL_ENABLE_DEBUG_INFO = INCLUDE_SOURCE;
				MTL_FAST_MATH = YES;
				ONLY_ACTIVE_ARCH = YES;
				SDKROOT = iphoneos;
				SWIFT_ACTIVE_COMPILATION_CONDITIONS = DEBUG;
				SWIFT_OPTIMIZATION_LEVEL = "-Onone";
			};
			name = Debug;
		};
		3A4AD3DB2A8A3547002BBEF9 /* Release */ = {
			isa = XCBuildConfiguration;
			buildSettings = {
				ALWAYS_SEARCH_USER_PATHS = NO;
				CLANG_ANALYZER_NONNULL = YES;
				CLANG_ANALYZER_NUMBER_OBJECT_CONVERSION = YES_AGGRESSIVE;
				CLANG_CXX_LANGUAGE_STANDARD = "gnu++20";
				CLANG_ENABLE_MODULES = YES;
				CLANG_ENABLE_OBJC_ARC = YES;
				CLANG_ENABLE_OBJC_WEAK = YES;
				CLANG_WARN_BLOCK_CAPTURE_AUTORELEASING = YES;
				CLANG_WARN_BOOL_CONVERSION = YES;
				CLANG_WARN_COMMA = YES;
				CLANG_WARN_CONSTANT_CONVERSION = YES;
				CLANG_WARN_DEPRECATED_OBJC_IMPLEMENTATIONS = YES;
				CLANG_WARN_DIRECT_OBJC_ISA_USAGE = YES_ERROR;
				CLANG_WARN_DOCUMENTATION_COMMENTS = YES;
				CLANG_WARN_EMPTY_BODY = YES;
				CLANG_WARN_ENUM_CONVERSION = YES;
				CLANG_WARN_INFINITE_RECURSION = YES;
				CLANG_WARN_INT_CONVERSION = YES;
				CLANG_WARN_NON_LITERAL_NULL_CONVERSION = YES;
				CLANG_WARN_OBJC_IMPLICIT_RETAIN_SELF = YES;
				CLANG_WARN_OBJC_LITERAL_CONVERSION = YES;
				CLANG_WARN_OBJC_ROOT_CLASS = YES_ERROR;
				CLANG_WARN_QUOTED_INCLUDE_IN_FRAMEWORK_HEADER = YES;
				CLANG_WARN_RANGE_LOOP_ANALYSIS = YES;
				CLANG_WARN_STRICT_PROTOTYPES = YES;
				CLANG_WARN_SUSPICIOUS_MOVE = YES;
				CLANG_WARN_UNGUARDED_AVAILABILITY = YES_AGGRESSIVE;
				CLANG_WARN_UNREACHABLE_CODE = YES;
				CLANG_WARN__DUPLICATE_METHOD_MATCH = YES;
				COPY_PHASE_STRIP = NO;
				DEBUG_INFORMATION_FORMAT = "dwarf-with-dsym";
				ENABLE_NS_ASSERTIONS = NO;
				ENABLE_STRICT_OBJC_MSGSEND = YES;
				GCC_C_LANGUAGE_STANDARD = gnu11;
				GCC_NO_COMMON_BLOCKS = YES;
				GCC_WARN_64_TO_32_BIT_CONVERSION = YES;
				GCC_WARN_ABOUT_RETURN_TYPE = YES_ERROR;
				GCC_WARN_UNDECLARED_SELECTOR = YES;
				GCC_WARN_UNINITIALIZED_AUTOS = YES_AGGRESSIVE;
				GCC_WARN_UNUSED_FUNCTION = YES;
				GCC_WARN_UNUSED_VARIABLE = YES;
				IPHONEOS_DEPLOYMENT_TARGET = 16.4;
				MTL_ENABLE_DEBUG_INFO = NO;
				MTL_FAST_MATH = YES;
				SDKROOT = iphoneos;
				SWIFT_COMPILATION_MODE = wholemodule;
				SWIFT_OPTIMIZATION_LEVEL = "-O";
				VALIDATE_PRODUCT = YES;
			};
			name = Release;
		};
		3A4AD3DD2A8A3547002BBEF9 /* Debug */ = {
			isa = XCBuildConfiguration;
			buildSettings = {
				ASSETCATALOG_COMPILER_APPICON_NAME = AppIcon;
				ASSETCATALOG_COMPILER_GLOBAL_ACCENT_COLOR_NAME = AccentColor;
				CODE_SIGN_STYLE = Automatic;
				CURRENT_PROJECT_VERSION = 1;
				DEVELOPMENT_ASSET_PATHS = "\"MySpar/Preview Content\"";
				DEVELOPMENT_TEAM = CD2H8U7Z2G;
				ENABLE_PREVIEWS = YES;
				GENERATE_INFOPLIST_FILE = YES;
				INFOPLIST_KEY_UIApplicationSceneManifest_Generation = YES;
				INFOPLIST_KEY_UIApplicationSupportsIndirectInputEvents = YES;
				INFOPLIST_KEY_UILaunchScreen_Generation = YES;
				INFOPLIST_KEY_UISupportedInterfaceOrientations_iPad = "UIInterfaceOrientationPortrait UIInterfaceOrientationPortraitUpsideDown UIInterfaceOrientationLandscapeLeft UIInterfaceOrientationLandscapeRight";
				INFOPLIST_KEY_UISupportedInterfaceOrientations_iPhone = "UIInterfaceOrientationPortrait UIInterfaceOrientationLandscapeLeft UIInterfaceOrientationLandscapeRight";
				IPHONEOS_DEPLOYMENT_TARGET = 14.0;
				LD_RUNPATH_SEARCH_PATHS = (
					"$(inherited)",
					"@executable_path/Frameworks",
				);
				MARKETING_VERSION = 1.0;
				PRODUCT_BUNDLE_IDENTIFIER = "Anton-Kasian.MySpar";
				PRODUCT_NAME = "$(TARGET_NAME)";
				SWIFT_EMIT_LOC_STRINGS = YES;
				SWIFT_VERSION = 5.0;
				TARGETED_DEVICE_FAMILY = "1,2";
			};
			name = Debug;
		};
		3A4AD3DE2A8A3547002BBEF9 /* Release */ = {
			isa = XCBuildConfiguration;
			buildSettings = {
				ASSETCATALOG_COMPILER_APPICON_NAME = AppIcon;
				ASSETCATALOG_COMPILER_GLOBAL_ACCENT_COLOR_NAME = AccentColor;
				CODE_SIGN_STYLE = Automatic;
				CURRENT_PROJECT_VERSION = 1;
				DEVELOPMENT_ASSET_PATHS = "\"MySpar/Preview Content\"";
				DEVELOPMENT_TEAM = CD2H8U7Z2G;
				ENABLE_PREVIEWS = YES;
				GENERATE_INFOPLIST_FILE = YES;
				INFOPLIST_KEY_UIApplicationSceneManifest_Generation = YES;
				INFOPLIST_KEY_UIApplicationSupportsIndirectInputEvents = YES;
				INFOPLIST_KEY_UILaunchScreen_Generation = YES;
				INFOPLIST_KEY_UISupportedInterfaceOrientations_iPad = "UIInterfaceOrientationPortrait UIInterfaceOrientationPortraitUpsideDown UIInterfaceOrientationLandscapeLeft UIInterfaceOrientationLandscapeRight";
				INFOPLIST_KEY_UISupportedInterfaceOrientations_iPhone = "UIInterfaceOrientationPortrait UIInterfaceOrientationLandscapeLeft UIInterfaceOrientationLandscapeRight";
				IPHONEOS_DEPLOYMENT_TARGET = 14.0;
				LD_RUNPATH_SEARCH_PATHS = (
					"$(inherited)",
					"@executable_path/Frameworks",
				);
				MARKETING_VERSION = 1.0;
				PRODUCT_BUNDLE_IDENTIFIER = "Anton-Kasian.MySpar";
				PRODUCT_NAME = "$(TARGET_NAME)";
				SWIFT_EMIT_LOC_STRINGS = YES;
				SWIFT_VERSION = 5.0;
				TARGETED_DEVICE_FAMILY = "1,2";
			};
			name = Release;
		};
/* End XCBuildConfiguration section */

/* Begin XCConfigurationList section */
		3A4AD3C92A8A3545002BBEF9 /* Build configuration list for PBXProject "MySpar" */ = {
			isa = XCConfigurationList;
			buildConfigurations = (
				3A4AD3DA2A8A3547002BBEF9 /* Debug */,
				3A4AD3DB2A8A3547002BBEF9 /* Release */,
			);
			defaultConfigurationIsVisible = 0;
			defaultConfigurationName = Release;
		};
		3A4AD3DC2A8A3547002BBEF9 /* Build configuration list for PBXNativeTarget "MySpar" */ = {
			isa = XCConfigurationList;
			buildConfigurations = (
				3A4AD3DD2A8A3547002BBEF9 /* Debug */,
				3A4AD3DE2A8A3547002BBEF9 /* Release */,
			);
			defaultConfigurationIsVisible = 0;
			defaultConfigurationName = Release;
		};
/* End XCConfigurationList section */
	};
	rootObject = 3A4AD3C62A8A3545002BBEF9 /* Project object */;
}
